
Microsoft Visual Studio Solution File, Format Version 12.00
# Visual Studio Version 16
VisualStudioVersion = 16.0.31229.75
MinimumVisualStudioVersion = 10.0.40219.1
Project("{FAE04EC0-301F-11D3-BF4B-00C04F79EFBC}") = "hypervSetting", "hypervSetting\hypervSetting.csproj", "{F5CF00FC-D905-4631-9C56-D3D6F4A85AFD}"
EndProject
Global
	GlobalSection(SolutionConfigurationPlatforms) = preSolution
		Debug|Any CPU = Debug|Any CPU
		Release|Any CPU = Release|Any CPU
	EndGlobalSection
	GlobalSection(ProjectConfigurationPlatforms) = postSolution
		{F5CF00FC-D905-4631-9C56-D3D6F4A85AFD}.Debug|Any CPU.ActiveCfg = Debug|Any CPU
		{F5CF00FC-D905-4631-9C56-D3D6F4A85AFD}.Debug|Any CPU.Build.0 = Debug|Any CPU
		{F5CF00FC-D905-4631-9C56-D3D6F4A85AFD}.Release|Any CPU.ActiveCfg = Release|Any CPU
		{F5CF00FC-D905-4631-9C56-D3D6F4A85AFD}.Release|Any CPU.Build.0 = Release|Any CPU
	EndGlobalSection
	GlobalSection(SolutionProperties) = preSolution
		HideSolutionNode = FALSE
	EndGlobalSection
	GlobalSection(ExtensibilityGlobals) = postSolution
		SolutionGuid = {907C6ECB-3675-46F2-99D5-337988717F72}
	EndGlobalSection
EndGlobal
